// !$*UTF8*$!
{
	archiveVersion = 1;
	classes = {
	};
	objectVersion = 56;
	objects = {

/* Begin PBXBuildFile section */
		CCEA0C2C2B5B006B009DEA87 /* EnhancedTodoListApp.swift in Sources */ = {isa = PBXBuildFile; fileRef = CCEA0C2B2B5B006B009DEA87 /* EnhancedTodoListApp.swift */; };
		CCEA0C302B5B0070009DEA87 /* Assets.xcassets in Resources */ = {isa = PBXBuildFile; fileRef = CCEA0C2F2B5B0070009DEA87 /* Assets.xcassets */; };
		CCEA0C332B5B0070009DEA87 /* Preview Assets.xcassets in Resources */ = {isa = PBXBuildFile; fileRef = CCEA0C322B5B0070009DEA87 /* Preview Assets.xcassets */; };
		CCEA0C3C2B5B00BC009DEA87 /* LandingView.swift in Sources */ = {isa = PBXBuildFile; fileRef = CCEA0C3B2B5B00BC009DEA87 /* LandingView.swift */; };
		CCEA0C402B5B01A8009DEA87 /* StatisticsView.swift in Sources */ = {isa = PBXBuildFile; fileRef = CCEA0C3F2B5B01A8009DEA87 /* StatisticsView.swift */; };
		CCEA0C422B5B026F009DEA87 /* TodoItem.swift in Sources */ = {isa = PBXBuildFile; fileRef = CCEA0C412B5B026F009DEA87 /* TodoItem.swift */; };
		CCEA0C442B5B02A8009DEA87 /* TodoListView.swift in Sources */ = {isa = PBXBuildFile; fileRef = CCEA0C432B5B02A8009DEA87 /* TodoListView.swift */; };
/* End PBXBuildFile section */

/* Begin PBXFileReference section */
		CCEA0C282B5B006B009DEA87 /* EnhancedTodoList.app */ = {isa = PBXFileReference; explicitFileType = wrapper.application; includeInIndex = 0; path = EnhancedTodoList.app; sourceTree = BUILT_PRODUCTS_DIR; };
		CCEA0C2B2B5B006B009DEA87 /* EnhancedTodoListApp.swift */ = {isa = PBXFileReference; lastKnownFileType = sourcecode.swift; path = EnhancedTodoListApp.swift; sourceTree = "<group>"; };
		CCEA0C2F2B5B0070009DEA87 /* Assets.xcassets */ = {isa = PBXFileReference; lastKnownFileType = folder.assetcatalog; path = Assets.xcassets; sourceTree = "<group>"; };
		CCEA0C322B5B0070009DEA87 /* Preview Assets.xcassets */ = {isa = PBXFileReference; lastKnownFileType = folder.assetcatalog; path = "Preview Assets.xcassets"; sourceTree = "<group>"; };
		CCEA0C3B2B5B00BC009DEA87 /* LandingView.swift */ = {isa = PBXFileReference; lastKnownFileType = sourcecode.swift; path = LandingView.swift; sourceTree = "<group>"; };
		CCEA0C3F2B5B01A8009DEA87 /* StatisticsView.swift */ = {isa = PBXFileReference; lastKnownFileType = sourcecode.swift; path = StatisticsView.swift; sourceTree = "<group>"; };
		CCEA0C412B5B026F009DEA87 /* TodoItem.swift */ = {isa = PBXFileReference; lastKnownFileType = sourcecode.swift; path = TodoItem.swift; sourceTree = "<group>"; };
		CCEA0C432B5B02A8009DEA87 /* TodoListView.swift */ = {isa = PBXFileReference; lastKnownFileType = sourcecode.swift; path = TodoListView.swift; sourceTree = "<group>"; };
/* End PBXFileReference section */

/* Begin PBXFrameworksBuildPhase section */
		CCEA0C252B5B006B009DEA87 /* Frameworks */ = {
			isa = PBXFrameworksBuildPhase;
			buildActionMask = 2147483647;
			files = (
			);
			runOnlyForDeploymentPostprocessing = 0;
		};
/* End PBXFrameworksBuildPhase section */

/* Begin PBXGroup section */
		CCEA0C1F2B5B006B009DEA87 = {
			isa = PBXGroup;
			children = (
				CCEA0C2A2B5B006B009DEA87 /* EnhancedTodoList */,
				CCEA0C292B5B006B009DEA87 /* Products */,
			);
			sourceTree = "<group>";
		};
		CCEA0C292B5B006B009DEA87 /* Products */ = {
			isa = PBXGroup;
			children = (
				CCEA0C282B5B006B009DEA87 /* EnhancedTodoList.app */,
			);
			name = Products;
			sourceTree = "<group>";
		};
		CCEA0C2A2B5B006B009DEA87 /* EnhancedTodoList */ = {
			isa = PBXGroup;
			children = (
				CCEA0C2B2B5B006B009DEA87 /* EnhancedTodoListApp.swift */,
				CCEA0C3A2B5B0093009DEA87 /* Models */,
				CCEA0C392B5B0082009DEA87 /* Views */,
				CCEA0C2F2B5B0070009DEA87 /* Assets.xcassets */,
				CCEA0C312B5B0070009DEA87 /* Preview Content */,
			);
			path = EnhancedTodoList;
			sourceTree = "<group>";
		};
		CCEA0C312B5B0070009DEA87 /* Preview Content */ = {
			isa = PBXGroup;
			children = (
				CCEA0C322B5B0070009DEA87 /* Preview Assets.xcassets */,
			);
			path = "Preview Content";
			sourceTree = "<group>";
		};
		CCEA0C392B5B0082009DEA87 /* Views */ = {
			isa = PBXGroup;
			children = (
				CCEA0C3B2B5B00BC009DEA87 /* LandingView.swift */,
				CCEA0C3F2B5B01A8009DEA87 /* StatisticsView.swift */,
				CCEA0C432B5B02A8009DEA87 /* TodoListView.swift */,
			);
			path = Views;
			sourceTree = "<group>";
		};
		CCEA0C3A2B5B0093009DEA87 /* Models */ = {
			isa = PBXGroup;
			children = (
				CCEA0C412B5B026F009DEA87 /* TodoItem.swift */,
			);
			path = Models;
			sourceTree = "<group>";
		};
/* End PBXGroup section */

/* Begin PBXNativeTarget section */
		CCEA0C272B5B006B009DEA87 /* EnhancedTodoList */ = {
			isa = PBXNativeTarget;
			buildConfigurationList = CCEA0C362B5B0070009DEA87 /* Build configuration list for PBXNativeTarget "EnhancedTodoList" */;
			buildPhases = (
				CCEA0C242B5B006B009DEA87 /* Sources */,
				CCEA0C252B5B006B009DEA87 /* Frameworks */,
				CCEA0C262B5B006B009DEA87 /* Resources */,
			);
			buildRules = (
			);
			dependencies = (
			);
			name = EnhancedTodoList;
			productName = EnhancedTodoList;
			productReference = CCEA0C282B5B006B009DEA87 /* EnhancedTodoList.app */;
			productType = "com.apple.product-type.application";
		};
/* End PBXNativeTarget section */

/* Begin PBXProject section */
		CCEA0C202B5B006B009DEA87 /* Project object */ = {
			isa = PBXProject;
			attributes = {
				BuildIndependentTargetsInParallel = 1;
				LastSwiftUpdateCheck = 1520;
				LastUpgradeCheck = 1520;
				TargetAttributes = {
					CCEA0C272B5B006B009DEA87 = {
						CreatedOnToolsVersion = 15.2;
					};
				};
			};
			buildConfigurationList = CCEA0C232B5B006B009DEA87 /* Build configuration list for PBXProject "EnhancedTodoList" */;
			compatibilityVersion = "Xcode 14.0";
			developmentRegion = en;
			hasScannedForEncodings = 0;
			knownRegions = (
				en,
				Base,
			);
			mainGroup = CCEA0C1F2B5B006B009DEA87;
			productRefGroup = CCEA0C292B5B006B009DEA87 /* Products */;
			projectDirPath = "";
			projectRoot = "";
			targets = (
				CCEA0C272B5B006B009DEA87 /* EnhancedTodoList */,
			);
		};
/* End PBXProject section */

/* Begin PBXResourcesBuildPhase section */
		CCEA0C262B5B006B009DEA87 /* Resources */ = {
			isa = PBXResourcesBuildPhase;
			buildActionMask = 2147483647;
			files = (
				CCEA0C332B5B0070009DEA87 /* Preview Assets.xcassets in Resources */,
				CCEA0C302B5B0070009DEA87 /* Assets.xcassets in Resources */,
			);
			runOnlyForDeploymentPostprocessing = 0;
		};
/* End PBXResourcesBuildPhase section */

/* Begin PBXSourcesBuildPhase section */
		CCEA0C242B5B006B009DEA87 /* Sources */ = {
			isa = PBXSourcesBuildPhase;
			buildActionMask = 2147483647;
			files = (
				CCEA0C422B5B026F009DEA87 /* TodoItem.swift in Sources */,
				CCEA0C402B5B01A8009DEA87 /* StatisticsView.swift in Sources */,
				CCEA0C442B5B02A8009DEA87 /* TodoListView.swift in Sources */,
				CCEA0C3C2B5B00BC009DEA87 /* LandingView.swift in Sources */,
				CCEA0C2C2B5B006B009DEA87 /* EnhancedTodoListApp.swift in Sources */,
			);
			runOnlyForDeploymentPostprocessing = 0;
		};
/* End PBXSourcesBuildPhase section */

/* Begin XCBuildConfiguration section */
		CCEA0C342B5B0070009DEA87 /* Debug */ = {
			isa = XCBuildConfiguration;
			buildSettings = {
				ALWAYS_SEARCH_USER_PATHS = NO;
				ASSETCATALOG_COMPILER_GENERATE_SWIFT_ASSET_SYMBOL_EXTENSIONS = YES;
				CLANG_ANALYZER_NONNULL = YES;
				CLANG_ANALYZER_NUMBER_OBJECT_CONVERSION = YES_AGGRESSIVE;
				CLANG_CXX_LANGUAGE_STANDARD = "gnu++20";
				CLANG_ENABLE_MODULES = YES;
				CLANG_ENABLE_OBJC_ARC = YES;
				CLANG_ENABLE_OBJC_WEAK = YES;
				CLANG_WARN_BLOCK_CAPTURE_AUTORELEASING = YES;
				CLANG_WARN_BOOL_CONVERSION = YES;
				CLANG_WARN_COMMA = YES;
				CLANG_WARN_CONSTANT_CONVERSION = YES;
				CLANG_WARN_DEPRECATED_OBJC_IMPLEMENTATIONS = YES;
				CLANG_WARN_DIRECT_OBJC_ISA_USAGE = YES_ERROR;
				CLANG_WARN_DOCUMENTATION_COMMENTS = YES;
				CLANG_WARN_EMPTY_BODY = YES;
				CLANG_WARN_ENUM_CONVERSION = YES;
				CLANG_WARN_INFINITE_RECURSION = YES;
				CLANG_WARN_INT_CONVERSION = YES;
				CLANG_WARN_NON_LITERAL_NULL_CONVERSION = YES;
				CLANG_WARN_OBJC_IMPLICIT_RETAIN_SELF = YES;
				CLANG_WARN_OBJC_LITERAL_CONVERSION = YES;
				CLANG_WARN_OBJC_ROOT_CLASS = YES_ERROR;
				CLANG_WARN_QUOTED_INCLUDE_IN_FRAMEWORK_HEADER = YES;
				CLANG_WARN_RANGE_LOOP_ANALYSIS = YES;
				CLANG_WARN_STRICT_PROTOTYPES = YES;
				CLANG_WARN_SUSPICIOUS_MOVE = YES;
				CLANG_WARN_UNGUARDED_AVAILABILITY = YES_AGGRESSIVE;
				CLANG_WARN_UNREACHABLE_CODE = YES;
				CLANG_WARN__DUPLICATE_METHOD_MATCH = YES;
				COPY_PHASE_STRIP = NO;
				DEBUG_INFORMATION_FORMAT = dwarf;
				ENABLE_STRICT_OBJC_MSGSEND = YES;
				ENABLE_TESTABILITY = YES;
				ENABLE_USER_SCRIPT_SANDBOXING = YES;
				GCC_C_LANGUAGE_STANDARD = gnu17;
				GCC_DYNAMIC_NO_PIC = NO;
				GCC_NO_COMMON_BLOCKS = YES;
				GCC_OPTIMIZATION_LEVEL = 0;
				GCC_PREPROCESSOR_DEFINITIONS = (
					"DEBUG=1",
					"$(inherited)",
				);
				GCC_WARN_64_TO_32_BIT_CONVERSION = YES;
				GCC_WARN_ABOUT_RETURN_TYPE = YES_ERROR;
				GCC_WARN_UNDECLARED_SELECTOR = YES;
				GCC_WARN_UNINITIALIZED_AUTOS = YES_AGGRESSIVE;
				GCC_WARN_UNUSED_FUNCTION = YES;
				GCC_WARN_UNUSED_VARIABLE = YES;
				IPHONEOS_DEPLOYMENT_TARGET = 17.2;
				LOCALIZATION_PREFERS_STRING_CATALOGS = YES;
				MTL_ENABLE_DEBUG_INFO = INCLUDE_SOURCE;
				MTL_FAST_MATH = YES;
				ONLY_ACTIVE_ARCH = YES;
				SDKROOT = iphoneos;
				SWIFT_ACTIVE_COMPILATION_CONDITIONS = "DEBUG $(inherited)";
				SWIFT_OPTIMIZATION_LEVEL = "-Onone";
			};
			name = Debug;
		};
		CCEA0C352B5B0070009DEA87 /* Release */ = {
			isa = XCBuildConfiguration;
			buildSettings = {
				ALWAYS_SEARCH_USER_PATHS = NO;
				ASSETCATALOG_COMPILER_GENERATE_SWIFT_ASSET_SYMBOL_EXTENSIONS = YES;
				CLANG_ANALYZER_NONNULL = YES;
				CLANG_ANALYZER_NUMBER_OBJECT_CONVERSION = YES_AGGRESSIVE;
				CLANG_CXX_LANGUAGE_STANDARD = "gnu++20";
				CLANG_ENABLE_MODULES = YES;
				CLANG_ENABLE_OBJC_ARC = YES;
				CLANG_ENABLE_OBJC_WEAK = YES;
				CLANG_WARN_BLOCK_CAPTURE_AUTORELEASING = YES;
				CLANG_WARN_BOOL_CONVERSION = YES;
				CLANG_WARN_COMMA = YES;
				CLANG_WARN_CONSTANT_CONVERSION = YES;
				CLANG_WARN_DEPRECATED_OBJC_IMPLEMENTATIONS = YES;
				CLANG_WARN_DIRECT_OBJC_ISA_USAGE = YES_ERROR;
				CLANG_WARN_DOCUMENTATION_COMMENTS = YES;
				CLANG_WARN_EMPTY_BODY = YES;
				CLANG_WARN_ENUM_CONVERSION = YES;
				CLANG_WARN_INFINITE_RECURSION = YES;
				CLANG_WARN_INT_CONVERSION = YES;
				CLANG_WARN_NON_LITERAL_NULL_CONVERSION = YES;
				CLANG_WARN_OBJC_IMPLICIT_RETAIN_SELF = YES;
				CLANG_WARN_OBJC_LITERAL_CONVERSION = YES;
				CLANG_WARN_OBJC_ROOT_CLASS = YES_ERROR;
				CLANG_WARN_QUOTED_INCLUDE_IN_FRAMEWORK_HEADER = YES;
				CLANG_WARN_RANGE_LOOP_ANALYSIS = YES;
				CLANG_WARN_STRICT_PROTOTYPES = YES;
				CLANG_WARN_SUSPICIOUS_MOVE = YES;
				CLANG_WARN_UNGUARDED_AVAILABILITY = YES_AGGRESSIVE;
				CLANG_WARN_UNREACHABLE_CODE = YES;
				CLANG_WARN__DUPLICATE_METHOD_MATCH = YES;
				COPY_PHASE_STRIP = NO;
				DEBUG_INFORMATION_FORMAT = "dwarf-with-dsym";
				ENABLE_NS_ASSERTIONS = NO;
				ENABLE_STRICT_OBJC_MSGSEND = YES;
				ENABLE_USER_SCRIPT_SANDBOXING = YES;
				GCC_C_LANGUAGE_STANDARD = gnu17;
				GCC_NO_COMMON_BLOCKS = YES;
				GCC_WARN_64_TO_32_BIT_CONVERSION = YES;
				GCC_WARN_ABOUT_RETURN_TYPE = YES_ERROR;
				GCC_WARN_UNDECLARED_SELECTOR = YES;
				GCC_WARN_UNINITIALIZED_AUTOS = YES_AGGRESSIVE;
				GCC_WARN_UNUSED_FUNCTION = YES;
				GCC_WARN_UNUSED_VARIABLE = YES;
				IPHONEOS_DEPLOYMENT_TARGET = 17.2;
				LOCALIZATION_PREFERS_STRING_CATALOGS = YES;
				MTL_ENABLE_DEBUG_INFO = NO;
				MTL_FAST_MATH = YES;
				SDKROOT = iphoneos;
				SWIFT_COMPILATION_MODE = wholemodule;
				VALIDATE_PRODUCT = YES;
			};
			name = Release;
		};
		CCEA0C372B5B0070009DEA87 /* Debug */ = {
			isa = XCBuildConfiguration;
			buildSettings = {
				ASSETCATALOG_COMPILER_APPICON_NAME = AppIcon;
				ASSETCATALOG_COMPILER_GLOBAL_ACCENT_COLOR_NAME = AccentColor;
				CODE_SIGN_STYLE = Automatic;
				CURRENT_PROJECT_VERSION = 1;
				DEVELOPMENT_ASSET_PATHS = "\"EnhancedTodoList/Preview Content\"";
				DEVELOPMENT_TEAM = G35KD7X25D;
				ENABLE_PREVIEWS = YES;
				GENERATE_INFOPLIST_FILE = YES;
				INFOPLIST_KEY_UIApplicationSceneManifest_Generation = YES;
				INFOPLIST_KEY_UIApplicationSupportsIndirectInputEvents = YES;
				INFOPLIST_KEY_UILaunchScreen_Generation = YES;
				INFOPLIST_KEY_UISupportedInterfaceOrientations_iPad = "UIInterfaceOrientationPortrait UIInterfaceOrientationPortraitUpsideDown UIInterfaceOrientationLandscapeLeft UIInterfaceOrientationLandscapeRight";
				INFOPLIST_KEY_UISupportedInterfaceOrientations_iPhone = "UIInterfaceOrientationPortrait UIInterfaceOrientationLandscapeLeft UIInterfaceOrientationLandscapeRight";
				LD_RUNPATH_SEARCH_PATHS = (
					"$(inherited)",
					"@executable_path/Frameworks",
				);
				MARKETING_VERSION = 1.0;
				PRODUCT_BUNDLE_IDENTIFIER = com.codewithmorgan.EnhancedTodoList;
				PRODUCT_NAME = "$(TARGET_NAME)";
				SWIFT_EMIT_LOC_STRINGS = YES;
				SWIFT_VERSION = 5.0;
				TARGETED_DEVICE_FAMILY = "1,2";
			};
			name = Debug;
		};
		CCEA0C382B5B0070009DEA87 /* Release */ = {
			isa = XCBuildConfiguration;
			buildSettings = {
				ASSETCATALOG_COMPILER_APPICON_NAME = AppIcon;
				ASSETCATALOG_COMPILER_GLOBAL_ACCENT_COLOR_NAME = AccentColor;
				CODE_SIGN_STYLE = Automatic;
				CURRENT_PROJECT_VERSION = 1;
				DEVELOPMENT_ASSET_PATHS = "\"EnhancedTodoList/Preview Content\"";
				DEVELOPMENT_TEAM = G35KD7X25D;
				ENABLE_PREVIEWS = YES;
				GENERATE_INFOPLIST_FILE = YES;
				INFOPLIST_KEY_UIApplicationSceneManifest_Generation = YES;
				INFOPLIST_KEY_UIApplicationSupportsIndirectInputEvents = YES;
				INFOPLIST_KEY_UILaunchScreen_Generation = YES;
				INFOPLIST_KEY_UISupportedInterfaceOrientations_iPad = "UIInterfaceOrientationPortrait UIInterfaceOrientationPortraitUpsideDown UIInterfaceOrientationLandscapeLeft UIInterfaceOrientationLandscapeRight";
				INFOPLIST_KEY_UISupportedInterfaceOrientations_iPhone = "UIInterfaceOrientationPortrait UIInterfaceOrientationLandscapeLeft UIInterfaceOrientationLandscapeRight";
				LD_RUNPATH_SEARCH_PATHS = (
					"$(inherited)",
					"@executable_path/Frameworks",
				);
				MARKETING_VERSION = 1.0;
				PRODUCT_BUNDLE_IDENTIFIER = com.codewithmorgan.EnhancedTodoList;
				PRODUCT_NAME = "$(TARGET_NAME)";
				SWIFT_EMIT_LOC_STRINGS = YES;
				SWIFT_VERSION = 5.0;
				TARGETED_DEVICE_FAMILY = "1,2";
			};
			name = Release;
		};
/* End XCBuildConfiguration section */

/* Begin XCConfigurationList section */
		CCEA0C232B5B006B009DEA87 /* Build configuration list for PBXProject "EnhancedTodoList" */ = {
			isa = XCConfigurationList;
			buildConfigurations = (
				CCEA0C342B5B0070009DEA87 /* Debug */,
				CCEA0C352B5B0070009DEA87 /* Release */,
			);
			defaultConfigurationIsVisible = 0;
			defaultConfigurationName = Release;
		};
		CCEA0C362B5B0070009DEA87 /* Build configuration list for PBXNativeTarget "EnhancedTodoList" */ = {
			isa = XCConfigurationList;
			buildConfigurations = (
				CCEA0C372B5B0070009DEA87 /* Debug */,
				CCEA0C382B5B0070009DEA87 /* Release */,
			);
			defaultConfigurationIsVisible = 0;
			defaultConfigurationName = Release;
		};
/* End XCConfigurationList section */
	};
	rootObject = CCEA0C202B5B006B009DEA87 /* Project object */;
}
